// !$*UTF8*$!
{
	archiveVersion = 1;
	classes = {
	};
	objectVersion = 46;
	objects = {

/* Begin PBXBuildFile section */
		3C0CE6071D2D64F4001E2E80 /* ActivityHelper.swift in Sources */ = {isa = PBXBuildFile; fileRef = 3C0CE6061D2D64F4001E2E80 /* ActivityHelper.swift */; };
		3C0CE6091D2EDE33001E2E80 /* Activity.swift in Sources */ = {isa = PBXBuildFile; fileRef = 3C0CE6081D2EDE33001E2E80 /* Activity.swift */; };
		610E920C1D2C611F00522DFF /* AppDelegate.swift in Sources */ = {isa = PBXBuildFile; fileRef = 610E920B1D2C611F00522DFF /* AppDelegate.swift */; };
		610E920E1D2C611F00522DFF /* StartViewController.swift in Sources */ = {isa = PBXBuildFile; fileRef = 610E920D1D2C611F00522DFF /* StartViewController.swift */; };
		610E92111D2C611F00522DFF /* Main.storyboard in Resources */ = {isa = PBXBuildFile; fileRef = 610E920F1D2C611F00522DFF /* Main.storyboard */; };
		610E92131D2C611F00522DFF /* Assets.xcassets in Resources */ = {isa = PBXBuildFile; fileRef = 610E92121D2C611F00522DFF /* Assets.xcassets */; };
		610E92161D2C611F00522DFF /* LaunchScreen.storyboard in Resources */ = {isa = PBXBuildFile; fileRef = 610E92141D2C611F00522DFF /* LaunchScreen.storyboard */; };
		6158E4BB1D2C71F0006E402C /* TimeSelectionViewController.swift in Sources */ = {isa = PBXBuildFile; fileRef = 6158E4BA1D2C71F0006E402C /* TimeSelectionViewController.swift */; };
		6158E4BD1D2C7218006E402C /* ActivityViewController.swift in Sources */ = {isa = PBXBuildFile; fileRef = 6158E4BC1D2C7218006E402C /* ActivityViewController.swift */; };
		B1B491274A48AF4CCB7DC728 /* Pods_BoreDDealer.framework in Frameworks */ = {isa = PBXBuildFile; fileRef = D012D134726485E9DA87BBAE /* Pods_BoreDDealer.framework */; };
/* End PBXBuildFile section */

/* Begin PBXFileReference section */
		3C0CE6061D2D64F4001E2E80 /* ActivityHelper.swift */ = {isa = PBXFileReference; fileEncoding = 4; lastKnownFileType = sourcecode.swift; path = ActivityHelper.swift; sourceTree = "<group>"; };
		3C0CE6081D2EDE33001E2E80 /* Activity.swift */ = {isa = PBXFileReference; fileEncoding = 4; lastKnownFileType = sourcecode.swift; path = Activity.swift; sourceTree = "<group>"; };
		610E92081D2C611F00522DFF /* BoreDDealer.app */ = {isa = PBXFileReference; explicitFileType = wrapper.application; includeInIndex = 0; path = BoreDDealer.app; sourceTree = BUILT_PRODUCTS_DIR; };
		610E920B1D2C611F00522DFF /* AppDelegate.swift */ = {isa = PBXFileReference; lastKnownFileType = sourcecode.swift; path = AppDelegate.swift; sourceTree = "<group>"; };
		610E920D1D2C611F00522DFF /* StartViewController.swift */ = {isa = PBXFileReference; lastKnownFileType = sourcecode.swift; path = StartViewController.swift; sourceTree = "<group>"; };
		610E92101D2C611F00522DFF /* Base */ = {isa = PBXFileReference; lastKnownFileType = file.storyboard; name = Base; path = Base.lproj/Main.storyboard; sourceTree = "<group>"; };
		610E92121D2C611F00522DFF /* Assets.xcassets */ = {isa = PBXFileReference; lastKnownFileType = folder.assetcatalog; path = Assets.xcassets; sourceTree = "<group>"; };
		610E92151D2C611F00522DFF /* Base */ = {isa = PBXFileReference; lastKnownFileType = file.storyboard; name = Base; path = Base.lproj/LaunchScreen.storyboard; sourceTree = "<group>"; };
		610E92171D2C611F00522DFF /* Info.plist */ = {isa = PBXFileReference; lastKnownFileType = text.plist.xml; path = Info.plist; sourceTree = "<group>"; };
		6158E4BA1D2C71F0006E402C /* TimeSelectionViewController.swift */ = {isa = PBXFileReference; fileEncoding = 4; lastKnownFileType = sourcecode.swift; path = TimeSelectionViewController.swift; sourceTree = "<group>"; };
		6158E4BC1D2C7218006E402C /* ActivityViewController.swift */ = {isa = PBXFileReference; fileEncoding = 4; lastKnownFileType = sourcecode.swift; path = ActivityViewController.swift; sourceTree = "<group>"; };
		CF4F21ED451E7769347A0A5F /* Pods-BoreDDealer.debug.xcconfig */ = {isa = PBXFileReference; includeInIndex = 1; lastKnownFileType = text.xcconfig; name = "Pods-BoreDDealer.debug.xcconfig"; path = "Pods/Target Support Files/Pods-BoreDDealer/Pods-BoreDDealer.debug.xcconfig"; sourceTree = "<group>"; };
		D012D134726485E9DA87BBAE /* Pods_BoreDDealer.framework */ = {isa = PBXFileReference; explicitFileType = wrapper.framework; includeInIndex = 0; path = Pods_BoreDDealer.framework; sourceTree = BUILT_PRODUCTS_DIR; };
		E589F8DBC1D17A1E4611F080 /* Pods-BoreDDealer.release.xcconfig */ = {isa = PBXFileReference; includeInIndex = 1; lastKnownFileType = text.xcconfig; name = "Pods-BoreDDealer.release.xcconfig"; path = "Pods/Target Support Files/Pods-BoreDDealer/Pods-BoreDDealer.release.xcconfig"; sourceTree = "<group>"; };
/* End PBXFileReference section */

/* Begin PBXFrameworksBuildPhase section */
		610E92051D2C611F00522DFF /* Frameworks */ = {
			isa = PBXFrameworksBuildPhase;
			buildActionMask = 2147483647;
			files = (
				B1B491274A48AF4CCB7DC728 /* Pods_BoreDDealer.framework in Frameworks */,
			);
			runOnlyForDeploymentPostprocessing = 0;
		};
/* End PBXFrameworksBuildPhase section */

/* Begin PBXGroup section */
		3C0CE6031D2D64B9001E2E80 /* Helpers */ = {
			isa = PBXGroup;
			children = (
				3C0CE6061D2D64F4001E2E80 /* ActivityHelper.swift */,
			);
			path = Helpers;
			sourceTree = "<group>";
		};
		53508850CD320711E1482F3C /* Pods */ = {
			isa = PBXGroup;
			children = (
				CF4F21ED451E7769347A0A5F /* Pods-BoreDDealer.debug.xcconfig */,
				E589F8DBC1D17A1E4611F080 /* Pods-BoreDDealer.release.xcconfig */,
			);
			name = Pods;
			sourceTree = "<group>";
		};
		610E91FF1D2C611F00522DFF = {
			isa = PBXGroup;
			children = (
				610E920A1D2C611F00522DFF /* BoreDDealer */,
				610E92091D2C611F00522DFF /* Products */,
				53508850CD320711E1482F3C /* Pods */,
				FFFE4909FCE23A552C0189F7 /* Frameworks */,
			);
			sourceTree = "<group>";
		};
		610E92091D2C611F00522DFF /* Products */ = {
			isa = PBXGroup;
			children = (
				610E92081D2C611F00522DFF /* BoreDDealer.app */,
			);
			name = Products;
			sourceTree = "<group>";
		};
		610E920A1D2C611F00522DFF /* BoreDDealer */ = {
			isa = PBXGroup;
			children = (
				3C0CE6031D2D64B9001E2E80 /* Helpers */,
				6158E4B91D2C7183006E402C /* View Controllers */,
				610E920B1D2C611F00522DFF /* AppDelegate.swift */,
				610E920F1D2C611F00522DFF /* Main.storyboard */,
				610E92121D2C611F00522DFF /* Assets.xcassets */,
				610E92141D2C611F00522DFF /* LaunchScreen.storyboard */,
				610E92171D2C611F00522DFF /* Info.plist */,
			);
			path = BoreDDealer;
			sourceTree = "<group>";
		};
		6158E4B91D2C7183006E402C /* View Controllers */ = {
			isa = PBXGroup;
			children = (
				610E920D1D2C611F00522DFF /* StartViewController.swift */,
				6158E4BA1D2C71F0006E402C /* TimeSelectionViewController.swift */,
				6158E4BC1D2C7218006E402C /* ActivityViewController.swift */,
				3C0CE6081D2EDE33001E2E80 /* Activity.swift */,
			);
			name = "View Controllers";
			sourceTree = "<group>";
		};
		FFFE4909FCE23A552C0189F7 /* Frameworks */ = {
			isa = PBXGroup;
			children = (
				D012D134726485E9DA87BBAE /* Pods_BoreDDealer.framework */,
			);
			name = Frameworks;
			sourceTree = "<group>";
		};
/* End PBXGroup section */

/* Begin PBXNativeTarget section */
		610E92071D2C611F00522DFF /* BoreDDealer */ = {
			isa = PBXNativeTarget;
			buildConfigurationList = 610E921A1D2C611F00522DFF /* Build configuration list for PBXNativeTarget "BoreDDealer" */;
			buildPhases = (
				19C9510FEAA64CC457547BE1 /* [CP] Check Pods Manifest.lock */,
				610E92041D2C611F00522DFF /* Sources */,
				610E92051D2C611F00522DFF /* Frameworks */,
				610E92061D2C611F00522DFF /* Resources */,
				9C4329BCFBD1C4B0471DB58A /* [CP] Embed Pods Frameworks */,
				784726D93FFE3EA753217C37 /* [CP] Copy Pods Resources */,
			);
			buildRules = (
			);
			dependencies = (
			);
			name = BoreDDealer;
			productName = BoreDDealer;
			productReference = 610E92081D2C611F00522DFF /* BoreDDealer.app */;
			productType = "com.apple.product-type.application";
		};
/* End PBXNativeTarget section */

/* Begin PBXProject section */
		610E92001D2C611F00522DFF /* Project object */ = {
			isa = PBXProject;
			attributes = {
				LastSwiftUpdateCheck = 0730;
				LastUpgradeCheck = 0730;
				ORGANIZATIONNAME = WhenYouBored;
				TargetAttributes = {
					610E92071D2C611F00522DFF = {
						CreatedOnToolsVersion = 7.3.1;
						DevelopmentTeam = 2ZU5YGK6K4;
					};
				};
			};
			buildConfigurationList = 610E92031D2C611F00522DFF /* Build configuration list for PBXProject "BoreDDealer" */;
			compatibilityVersion = "Xcode 3.2";
			developmentRegion = English;
			hasScannedForEncodings = 0;
			knownRegions = (
				en,
				Base,
			);
			mainGroup = 610E91FF1D2C611F00522DFF;
			productRefGroup = 610E92091D2C611F00522DFF /* Products */;
			projectDirPath = "";
			projectRoot = "";
			targets = (
				610E92071D2C611F00522DFF /* BoreDDealer */,
			);
		};
/* End PBXProject section */

/* Begin PBXResourcesBuildPhase section */
		610E92061D2C611F00522DFF /* Resources */ = {
			isa = PBXResourcesBuildPhase;
			buildActionMask = 2147483647;
			files = (
				610E92161D2C611F00522DFF /* LaunchScreen.storyboard in Resources */,
				610E92131D2C611F00522DFF /* Assets.xcassets in Resources */,
				610E92111D2C611F00522DFF /* Main.storyboard in Resources */,
			);
			runOnlyForDeploymentPostprocessing = 0;
		};
/* End PBXResourcesBuildPhase section */

/* Begin PBXShellScriptBuildPhase section */
		19C9510FEAA64CC457547BE1 /* [CP] Check Pods Manifest.lock */ = {
			isa = PBXShellScriptBuildPhase;
			buildActionMask = 2147483647;
			files = (
			);
			inputPaths = (
			);
			name = "[CP] Check Pods Manifest.lock";
			outputPaths = (
			);
			runOnlyForDeploymentPostprocessing = 0;
			shellPath = /bin/sh;
			shellScript = "diff \"${PODS_ROOT}/../Podfile.lock\" \"${PODS_ROOT}/Manifest.lock\" > /dev/null\nif [[ $? != 0 ]] ; then\n    cat << EOM\nerror: The sandbox is not in sync with the Podfile.lock. Run 'pod install' or update your CocoaPods installation.\nEOM\n    exit 1\nfi\n";
			showEnvVarsInLog = 0;
		};
		784726D93FFE3EA753217C37 /* [CP] Copy Pods Resources */ = {
			isa = PBXShellScriptBuildPhase;
			buildActionMask = 2147483647;
			files = (
			);
			inputPaths = (
			);
			name = "[CP] Copy Pods Resources";
			outputPaths = (
			);
			runOnlyForDeploymentPostprocessing = 0;
			shellPath = /bin/sh;
			shellScript = "\"${SRCROOT}/Pods/Target Support Files/Pods-BoreDDealer/Pods-BoreDDealer-resources.sh\"\n";
			showEnvVarsInLog = 0;
		};
		9C4329BCFBD1C4B0471DB58A /* [CP] Embed Pods Frameworks */ = {
			isa = PBXShellScriptBuildPhase;
			buildActionMask = 2147483647;
			files = (
			);
			inputPaths = (
			);
			name = "[CP] Embed Pods Frameworks";
			outputPaths = (
			);
			runOnlyForDeploymentPostprocessing = 0;
			shellPath = /bin/sh;
			shellScript = "\"${SRCROOT}/Pods/Target Support Files/Pods-BoreDDealer/Pods-BoreDDealer-frameworks.sh\"\n";
			showEnvVarsInLog = 0;
		};
/* End PBXShellScriptBuildPhase section */

/* Begin PBXSourcesBuildPhase section */
		610E92041D2C611F00522DFF /* Sources */ = {
			isa = PBXSourcesBuildPhase;
			buildActionMask = 2147483647;
			files = (
				3C0CE6091D2EDE33001E2E80 /* Activity.swift in Sources */,
				610E920E1D2C611F00522DFF /* StartViewController.swift in Sources */,
				6158E4BB1D2C71F0006E402C /* TimeSelectionViewController.swift in Sources */,
				3C0CE6071D2D64F4001E2E80 /* ActivityHelper.swift in Sources */,
				610E920C1D2C611F00522DFF /* AppDelegate.swift in Sources */,
				6158E4BD1D2C7218006E402C /* ActivityViewController.swift in Sources */,
			);
			runOnlyForDeploymentPostprocessing = 0;
		};
/* End PBXSourcesBuildPhase section */

/* Begin PBXVariantGroup section */
		610E920F1D2C611F00522DFF /* Main.storyboard */ = {
			isa = PBXVariantGroup;
			children = (
				610E92101D2C611F00522DFF /* Base */,
			);
			name = Main.storyboard;
			sourceTree = "<group>";
		};
		610E92141D2C611F00522DFF /* LaunchScreen.storyboard */ = {
			isa = PBXVariantGroup;
			children = (
				610E92151D2C611F00522DFF /* Base */,
			);
			name = LaunchScreen.storyboard;
			sourceTree = "<group>";
		};
/* End PBXVariantGroup section */

/* Begin XCBuildConfiguration section */
		610E92181D2C611F00522DFF /* Debug */ = {
			isa = XCBuildConfiguration;
			buildSettings = {
				ALWAYS_SEARCH_USER_PATHS = NO;
				CLANG_ANALYZER_NONNULL = YES;
				CLANG_CXX_LANGUAGE_STANDARD = "gnu++0x";
				CLANG_CXX_LIBRARY = "libc++";
				CLANG_ENABLE_MODULES = YES;
				CLANG_ENABLE_OBJC_ARC = YES;
				CLANG_WARN_BOOL_CONVERSION = YES;
				CLANG_WARN_CONSTANT_CONVERSION = YES;
				CLANG_WARN_DIRECT_OBJC_ISA_USAGE = YES_ERROR;
				CLANG_WARN_EMPTY_BODY = YES;
				CLANG_WARN_ENUM_CONVERSION = YES;
				CLANG_WARN_INT_CONVERSION = YES;
				CLANG_WARN_OBJC_ROOT_CLASS = YES_ERROR;
				CLANG_WARN_UNREACHABLE_CODE = YES;
				CLANG_WARN__DUPLICATE_METHOD_MATCH = YES;
				"CODE_SIGN_IDENTITY[sdk=iphoneos*]" = "iPhone Developer";
				COPY_PHASE_STRIP = NO;
				DEBUG_INFORMATION_FORMAT = dwarf;
				ENABLE_STRICT_OBJC_MSGSEND = YES;
				ENABLE_TESTABILITY = YES;
				GCC_C_LANGUAGE_STANDARD = gnu99;
				GCC_DYNAMIC_NO_PIC = NO;
				GCC_NO_COMMON_BLOCKS = YES;
				GCC_OPTIMIZATION_LEVEL = 0;
				GCC_PREPROCESSOR_DEFINITIONS = (
					"DEBUG=1",
					"$(inherited)",
				);
				GCC_WARN_64_TO_32_BIT_CONVERSION = YES;
				GCC_WARN_ABOUT_RETURN_TYPE = YES_ERROR;
				GCC_WARN_UNDECLARED_SELECTOR = YES;
				GCC_WARN_UNINITIALIZED_AUTOS = YES_AGGRESSIVE;
				GCC_WARN_UNUSED_FUNCTION = YES;
				GCC_WARN_UNUSED_VARIABLE = YES;
				IPHONEOS_DEPLOYMENT_TARGET = 9.3;
				MTL_ENABLE_DEBUG_INFO = YES;
				ONLY_ACTIVE_ARCH = YES;
				SDKROOT = iphoneos;
				SWIFT_OPTIMIZATION_LEVEL = "-Onone";
				TARGETED_DEVICE_FAMILY = "1,2";
			};
			name = Debug;
		};
		610E92191D2C611F00522DFF /* Release */ = {
			isa = XCBuildConfiguration;
			buildSettings = {
				ALWAYS_SEARCH_USER_PATHS = NO;
				CLANG_ANALYZER_NONNULL = YES;
				CLANG_CXX_LANGUAGE_STANDARD = "gnu++0x";
				CLANG_CXX_LIBRARY = "libc++";
				CLANG_ENABLE_MODULES = YES;
				CLANG_ENABLE_OBJC_ARC = YES;
				CLANG_WARN_BOOL_CONVERSION = YES;
				CLANG_WARN_CONSTANT_CONVERSION = YES;
				CLANG_WARN_DIRECT_OBJC_ISA_USAGE = YES_ERROR;
				CLANG_WARN_EMPTY_BODY = YES;
				CLANG_WARN_ENUM_CONVERSION = YES;
				CLANG_WARN_INT_CONVERSION = YES;
				CLANG_WARN_OBJC_ROOT_CLASS = YES_ERROR;
				CLANG_WARN_UNREACHABLE_CODE = YES;
				CLANG_WARN__DUPLICATE_METHOD_MATCH = YES;
				"CODE_SIGN_IDENTITY[sdk=iphoneos*]" = "iPhone Developer";
				COPY_PHASE_STRIP = NO;
				DEBUG_INFORMATION_FORMAT = "dwarf-with-dsym";
				ENABLE_NS_ASSERTIONS = NO;
				ENABLE_STRICT_OBJC_MSGSEND = YES;
				GCC_C_LANGUAGE_STANDARD = gnu99;
				GCC_NO_COMMON_BLOCKS = YES;
				GCC_WARN_64_TO_32_BIT_CONVERSION = YES;
				GCC_WARN_ABOUT_RETURN_TYPE = YES_ERROR;
				GCC_WARN_UNDECLARED_SELECTOR = YES;
				GCC_WARN_UNINITIALIZED_AUTOS = YES_AGGRESSIVE;
				GCC_WARN_UNUSED_FUNCTION = YES;
				GCC_WARN_UNUSED_VARIABLE = YES;
				IPHONEOS_DEPLOYMENT_TARGET = 9.3;
				MTL_ENABLE_DEBUG_INFO = NO;
				SDKROOT = iphoneos;
				TARGETED_DEVICE_FAMILY = "1,2";
				VALIDATE_PRODUCT = YES;
			};
			name = Release;
		};
		610E921B1D2C611F00522DFF /* Debug */ = {
			isa = XCBuildConfiguration;
			baseConfigurationReference = CF4F21ED451E7769347A0A5F /* Pods-BoreDDealer.debug.xcconfig */;
			buildSettings = {
				ASSETCATALOG_COMPILER_APPICON_NAME = AppIcon;
				CLANG_ENABLE_MODULES = YES;
				INFOPLIST_FILE = BoreDDealer/Info.plist;
				LD_RUNPATH_SEARCH_PATHS = "$(inherited) @executable_path/Frameworks";
				PRODUCT_BUNDLE_IDENTIFIER = com.makeschool.BoreDDealer;
				PRODUCT_NAME = "$(TARGET_NAME)";
				SWIFT_OBJC_BRIDGING_HEADER = "";
				SWIFT_OPTIMIZATION_LEVEL = "-Onone";
			};
			name = Debug;
		};
		610E921C1D2C611F00522DFF /* Release */ = {
			isa = XCBuildConfiguration;
			baseConfigurationReference = E589F8DBC1D17A1E4611F080 /* Pods-BoreDDealer.release.xcconfig */;
			buildSettings = {
				ASSETCATALOG_COMPILER_APPICON_NAME = AppIcon;
				CLANG_ENABLE_MODULES = YES;
				INFOPLIST_FILE = BoreDDealer/Info.plist;
				LD_RUNPATH_SEARCH_PATHS = "$(inherited) @executable_path/Frameworks";
				PRODUCT_BUNDLE_IDENTIFIER = com.makeschool.BoreDDealer;
				PRODUCT_NAME = "$(TARGET_NAME)";
				SWIFT_OBJC_BRIDGING_HEADER = "";
			};
			name = Release;
		};
/* End XCBuildConfiguration section */

/* Begin XCConfigurationList section */
		610E92031D2C611F00522DFF /* Build configuration list for PBXProject "BoreDDealer" */ = {
			isa = XCConfigurationList;
			buildConfigurations = (
				610E92181D2C611F00522DFF /* Debug */,
				610E92191D2C611F00522DFF /* Release */,
			);
			defaultConfigurationIsVisible = 0;
			defaultConfigurationName = Release;
		};
		610E921A1D2C611F00522DFF /* Build configuration list for PBXNativeTarget "BoreDDealer" */ = {
			isa = XCConfigurationList;
			buildConfigurations = (
				610E921B1D2C611F00522DFF /* Debug */,
				610E921C1D2C611F00522DFF /* Release */,
			);
			defaultConfigurationIsVisible = 0;
			defaultConfigurationName = Release;
		};
/* End XCConfigurationList section */
	};
	rootObject = 610E92001D2C611F00522DFF /* Project object */;
}
